
Microsoft Visual Studio Solution File, Format Version 12.00
# Visual Studio Version 16
VisualStudioVersion = 16.0.30804.86
MinimumVisualStudioVersion = 10.0.40219.1
Project("{FAE04EC0-301F-11D3-BF4B-00C04F79EFBC}") = "TestUngDung", "TestUngDung\TestUngDung.csproj", "{547C3A33-301B-46F5-AF9A-2A310C8D8F3F}"
EndProject
Project("{FAE04EC0-301F-11D3-BF4B-00C04F79EFBC}") = "ModelEF", "ModelEF\ModelEF.csproj", "{DF9C97C2-477F-466A-8416-36BB493E0A31}"
EndProject
Global
	GlobalSection(SolutionConfigurationPlatforms) = preSolution
		Debug|Any CPU = Debug|Any CPU
		Release|Any CPU = Release|Any CPU
	EndGlobalSection
	GlobalSection(ProjectConfigurationPlatforms) = postSolution
		{547C3A33-301B-46F5-AF9A-2A310C8D8F3F}.Debug|Any CPU.ActiveCfg = Debug|Any CPU
		{547C3A33-301B-46F5-AF9A-2A310C8D8F3F}.Debug|Any CPU.Build.0 = Debug|Any CPU
		{547C3A33-301B-46F5-AF9A-2A310C8D8F3F}.Release|Any CPU.ActiveCfg = Release|Any CPU
		{547C3A33-301B-46F5-AF9A-2A310C8D8F3F}.Release|Any CPU.Build.0 = Release|Any CPU
		{DF9C97C2-477F-466A-8416-36BB493E0A31}.Debug|Any CPU.ActiveCfg = Debug|Any CPU
		{DF9C97C2-477F-466A-8416-36BB493E0A31}.Debug|Any CPU.Build.0 = Debug|Any CPU
		{DF9C97C2-477F-466A-8416-36BB493E0A31}.Release|Any CPU.ActiveCfg = Release|Any CPU
		{DF9C97C2-477F-466A-8416-36BB493E0A31}.Release|Any CPU.Build.0 = Release|Any CPU
	EndGlobalSection
	GlobalSection(SolutionProperties) = preSolution
		HideSolutionNode = FALSE
	EndGlobalSection
	GlobalSection(ExtensibilityGlobals) = postSolution
		SolutionGuid = {04D136D4-88A6-4492-9995-C225B6292504}
	EndGlobalSection
EndGlobal
